Microsoft Visual Studio Solution File, Format Version 12.00
# Visual Studio 15
VisualStudioVersion = 15.0.28307.106
MinimumVisualStudioVersion = 10.0.40219.1
Project("{FAE04EC0-301F-11D3-BF4B-00C04F79EFBC}") = "MyXafApplication", "MyXafApplication\MyXafApplication.csproj", "{775FB344-9396-4348-9B2D-89402CFB94BC}"
EndProject
Project("{FAE04EC0-301F-11D3-BF4B-00C04F79EFBC}") = "MyXafModule", "MyXafModule\MyXafModule.csproj", "{CDCCAC68-A29B-441F-A9C2-3DA96D520CA4}"
EndProject
Project("{FAE04EC0-301F-11D3-BF4B-00C04F79EFBC}") = "WindowsFormsLib", "WindowsFormsLib\WindowsFormsLib.csproj", "{0B58D0DD-3532-4E56-ABB6-354B55682AD8}"
EndProject
Project("{FAE04EC0-301F-11D3-BF4B-00C04F79EFBC}") = "MainApp", "MainApp\MainApp.csproj", "{792BBFC7-4229-4944-9C48-6439361BF52B}"
EndProject
Global
	GlobalSection(SolutionConfigurationPlatforms) = preSolution
		Debug|Any CPU = Debug|Any CPU
		Release|Any CPU = Release|Any CPU
	EndGlobalSection
	GlobalSection(ProjectConfigurationPlatforms) = postSolution
		{775FB344-9396-4348-9B2D-89402CFB94BC}.Debug|Any CPU.ActiveCfg = Debug|Any CPU
		{775FB344-9396-4348-9B2D-89402CFB94BC}.Debug|Any CPU.Build.0 = Debug|Any CPU
		{775FB344-9396-4348-9B2D-89402CFB94BC}.Release|Any CPU.ActiveCfg = Release|Any CPU
		{775FB344-9396-4348-9B2D-89402CFB94BC}.Release|Any CPU.Build.0 = Release|Any CPU
		{CDCCAC68-A29B-441F-A9C2-3DA96D520CA4}.Debug|Any CPU.ActiveCfg = Debug|Any CPU
		{CDCCAC68-A29B-441F-A9C2-3DA96D520CA4}.Debug|Any CPU.Build.0 = Debug|Any CPU
		{CDCCAC68-A29B-441F-A9C2-3DA96D520CA4}.Release|Any CPU.ActiveCfg = Release|Any CPU
		{CDCCAC68-A29B-441F-A9C2-3DA96D520CA4}.Release|Any CPU.Build.0 = Release|Any CPU
		{0B58D0DD-3532-4E56-ABB6-354B55682AD8}.Debug|Any CPU.ActiveCfg = Debug|Any CPU
		{0B58D0DD-3532-4E56-ABB6-354B55682AD8}.Debug|Any CPU.Build.0 = Debug|Any CPU
		{0B58D0DD-3532-4E56-ABB6-354B55682AD8}.Release|Any CPU.ActiveCfg = Release|Any CPU
		{0B58D0DD-3532-4E56-ABB6-354B55682AD8}.Release|Any CPU.Build.0 = Release|Any CPU
		{792BBFC7-4229-4944-9C48-6439361BF52B}.Debug|Any CPU.ActiveCfg = Debug|Any CPU
		{792BBFC7-4229-4944-9C48-6439361BF52B}.Debug|Any CPU.Build.0 = Debug|Any CPU
		{792BBFC7-4229-4944-9C48-6439361BF52B}.Release|Any CPU.ActiveCfg = Release|Any CPU
		{792BBFC7-4229-4944-9C48-6439361BF52B}.Release|Any CPU.Build.0 = Release|Any CPU
	EndGlobalSection
	GlobalSection(SolutionProperties) = preSolution
		HideSolutionNode = FALSE
	EndGlobalSection
	GlobalSection(ExtensibilityGlobals) = postSolution
		SolutionGuid = {733DE3E8-480B-4AF5-9BDB-C79B20699416}
	EndGlobalSection
EndGlobal
